
Microsoft Visual Studio Solution File, Format Version 12.00
# Visual Studio 2013
VisualStudioVersion = 12.0.30501.0
MinimumVisualStudioVersion = 10.0.40219.1
Project("{FAE04EC0-301F-11D3-BF4B-00C04F79EFBC}") = "Test_Extension", "Test_Extension\Test_Extension.csproj", "{A063C385-9D15-4FD7-BEE4-B33EAC8147C3}"
EndProject
Global
	GlobalSection(SolutionConfigurationPlatforms) = preSolution
		Debug|Any CPU = Debug|Any CPU
		Release|Any CPU = Release|Any CPU
	EndGlobalSection
	GlobalSection(ProjectConfigurationPlatforms) = postSolution
		{A063C385-9D15-4FD7-BEE4-B33EAC8147C3}.Debug|Any CPU.ActiveCfg = Debug|Any CPU
		{A063C385-9D15-4FD7-BEE4-B33EAC8147C3}.Debug|Any CPU.Build.0 = Debug|Any CPU
		{A063C385-9D15-4FD7-BEE4-B33EAC8147C3}.Release|Any CPU.ActiveCfg = Release|Any CPU
		{A063C385-9D15-4FD7-BEE4-B33EAC8147C3}.Release|Any CPU.Build.0 = Release|Any CPU
	EndGlobalSection
	GlobalSection(SolutionProperties) = preSolution
		HideSolutionNode = FALSE
	EndGlobalSection
EndGlobal
